// !$*UTF8*$!
{
	archiveVersion = 1;
	classes = {
	};
	objectVersion = 56;
	objects = {

/* Begin PBXBuildFile section */
		0A1A25E12CD006F800EABC95 /* IKUI in Frameworks */ = {isa = PBXBuildFile; productRef = 0A1A25E02CD006F800EABC95 /* IKUI */; };
		0A1A25E32CD01C3600EABC95 /* ProjectEditorCoordinator.swift in Sources */ = {isa = PBXBuildFile; fileRef = 0A1A25E22CD01C3600EABC95 /* ProjectEditorCoordinator.swift */; };
		0A1A25E52CD01C3D00EABC95 /* ProjectEditorViewModel.swift in Sources */ = {isa = PBXBuildFile; fileRef = 0A1A25E42CD01C3D00EABC95 /* ProjectEditorViewModel.swift */; };
		0A1A25E92CD02CA600EABC95 /* PaperView.swift in Sources */ = {isa = PBXBuildFile; fileRef = 0A1A25E82CD02CA600EABC95 /* PaperView.swift */; };
		0A1A25EA2CD02CA600EABC95 /* Paper.metal in Sources */ = {isa = PBXBuildFile; fileRef = 0A1A25E62CD02CA600EABC95 /* Paper.metal */; };
		0A1A25EE2CD1879B00EABC95 /* SnapKit in Frameworks */ = {isa = PBXBuildFile; productRef = 0A1A25ED2CD1879B00EABC95 /* SnapKit */; };
		0A2D26BF2CD66FEC006403C9 /* LineWidthSelector.swift in Sources */ = {isa = PBXBuildFile; fileRef = 0A2D26BE2CD66FEC006403C9 /* LineWidthSelector.swift */; };
		0A2D26C12CD68AB2006403C9 /* ColorSelectorView.swift in Sources */ = {isa = PBXBuildFile; fileRef = 0A2D26C02CD68AB2006403C9 /* ColorSelectorView.swift */; };
		0A2D26C32CD69781006403C9 /* ColorSliderWithInput.swift in Sources */ = {isa = PBXBuildFile; fileRef = 0A2D26C22CD69781006403C9 /* ColorSliderWithInput.swift */; };
		0A2D26C52CD6A2A0006403C9 /* ColorSlider.swift in Sources */ = {isa = PBXBuildFile; fileRef = 0A2D26C42CD6A2A0006403C9 /* ColorSlider.swift */; };
		0A3C66202CCE54F7008198BC /* Assets.xcassets in Resources */ = {isa = PBXBuildFile; fileRef = 0A3C661F2CCE54F7008198BC /* Assets.xcassets */; };
		0A3C66962CCE5765008198BC /* Assets.swift in Sources */ = {isa = PBXBuildFile; fileRef = 0A3C667A2CCE5765008198BC /* Assets.swift */; };
		0A3C66982CCE5812008198BC /* ProjectEditorViewController.swift in Sources */ = {isa = PBXBuildFile; fileRef = 0A3C66322CCE56D0008198BC /* ProjectEditorViewController.swift */; };
		0A3C66992CCE5829008198BC /* LaunchScreen.storyboard in Resources */ = {isa = PBXBuildFile; fileRef = 0A3C66442CCE56D0008198BC /* LaunchScreen.storyboard */; };
		0A3C669A2CCE582C008198BC /* ApplicationCoordinator.swift in Sources */ = {isa = PBXBuildFile; fileRef = 0A3C66422CCE56D0008198BC /* ApplicationCoordinator.swift */; };
		0A3C669B2CCE582E008198BC /* AppDelegate.swift in Sources */ = {isa = PBXBuildFile; fileRef = 0A3C66412CCE56D0008198BC /* AppDelegate.swift */; };
		0A3C669C2CCE5834008198BC /* ServiceLocator.swift in Sources */ = {isa = PBXBuildFile; fileRef = 0A3C664D2CCE56D0008198BC /* ServiceLocator.swift */; };
		0A3C66B92CCE67C2008198BC /* IKUtils in Frameworks */ = {isa = PBXBuildFile; productRef = 0A3C66B82CCE67C2008198BC /* IKUtils */; };
		0AD20F352CD3964A009790AC /* PaperUIView.swift in Sources */ = {isa = PBXBuildFile; fileRef = 0AD20F342CD3964A009790AC /* PaperUIView.swift */; };
		0AD20F372CD39AEA009790AC /* TopToolsGroup.swift in Sources */ = {isa = PBXBuildFile; fileRef = 0AD20F362CD39AEA009790AC /* TopToolsGroup.swift */; };
		0AD20F392CD416F0009790AC /* BottomToolsGroup.swift in Sources */ = {isa = PBXBuildFile; fileRef = 0AD20F382CD416F0009790AC /* BottomToolsGroup.swift */; };
		0AD20F3E2CD42A5D009790AC /* IKDrawing in Frameworks */ = {isa = PBXBuildFile; productRef = 0AD20F3D2CD42A5D009790AC /* IKDrawing */; };
/* End PBXBuildFile section */

/* Begin PBXFileReference section */
		0A1A25DE2CCFFFFD00EABC95 /* ru */ = {isa = PBXFileReference; lastKnownFileType = text.plist.strings; name = ru; path = ru.lproj/LaunchScreen.strings; sourceTree = "<group>"; };
		0A1A25E22CD01C3600EABC95 /* ProjectEditorCoordinator.swift */ = {isa = PBXFileReference; lastKnownFileType = sourcecode.swift; path = ProjectEditorCoordinator.swift; sourceTree = "<group>"; };
		0A1A25E42CD01C3D00EABC95 /* ProjectEditorViewModel.swift */ = {isa = PBXFileReference; lastKnownFileType = sourcecode.swift; path = ProjectEditorViewModel.swift; sourceTree = "<group>"; };
		0A1A25E62CD02CA600EABC95 /* Paper.metal */ = {isa = PBXFileReference; lastKnownFileType = sourcecode.metal; path = Paper.metal; sourceTree = "<group>"; };
		0A1A25E82CD02CA600EABC95 /* PaperView.swift */ = {isa = PBXFileReference; lastKnownFileType = sourcecode.swift; path = PaperView.swift; sourceTree = "<group>"; };
		0A2D26BE2CD66FEC006403C9 /* LineWidthSelector.swift */ = {isa = PBXFileReference; lastKnownFileType = sourcecode.swift; path = LineWidthSelector.swift; sourceTree = "<group>"; };
		0A2D26C02CD68AB2006403C9 /* ColorSelectorView.swift */ = {isa = PBXFileReference; lastKnownFileType = sourcecode.swift; path = ColorSelectorView.swift; sourceTree = "<group>"; };
		0A2D26C22CD69781006403C9 /* ColorSliderWithInput.swift */ = {isa = PBXFileReference; lastKnownFileType = sourcecode.swift; path = ColorSliderWithInput.swift; sourceTree = "<group>"; };
		0A2D26C42CD6A2A0006403C9 /* ColorSlider.swift */ = {isa = PBXFileReference; lastKnownFileType = sourcecode.swift; path = ColorSlider.swift; sourceTree = "<group>"; };
		0A3C66132CCE54F6008198BC /* App.app */ = {isa = PBXFileReference; explicitFileType = wrapper.application; includeInIndex = 0; path = App.app; sourceTree = BUILT_PRODUCTS_DIR; };
		0A3C661F2CCE54F7008198BC /* Assets.xcassets */ = {isa = PBXFileReference; lastKnownFileType = folder.assetcatalog; path = Assets.xcassets; sourceTree = "<group>"; };
		0A3C66242CCE54F7008198BC /* Info.plist */ = {isa = PBXFileReference; lastKnownFileType = text.plist.xml; path = Info.plist; sourceTree = "<group>"; };
		0A3C66322CCE56D0008198BC /* ProjectEditorViewController.swift */ = {isa = PBXFileReference; lastKnownFileType = sourcecode.swift; path = ProjectEditorViewController.swift; sourceTree = "<group>"; };
		0A3C66412CCE56D0008198BC /* AppDelegate.swift */ = {isa = PBXFileReference; lastKnownFileType = sourcecode.swift; path = AppDelegate.swift; sourceTree = "<group>"; };
		0A3C66422CCE56D0008198BC /* ApplicationCoordinator.swift */ = {isa = PBXFileReference; lastKnownFileType = sourcecode.swift; path = ApplicationCoordinator.swift; sourceTree = "<group>"; };
		0A3C66432CCE56D0008198BC /* Base */ = {isa = PBXFileReference; lastKnownFileType = file.storyboard; name = Base; path = Base.lproj/LaunchScreen.storyboard; sourceTree = "<group>"; };
		0A3C664D2CCE56D0008198BC /* ServiceLocator.swift */ = {isa = PBXFileReference; lastKnownFileType = sourcecode.swift; path = ServiceLocator.swift; sourceTree = "<group>"; };
		0A3C667A2CCE5765008198BC /* Assets.swift */ = {isa = PBXFileReference; fileEncoding = 4; lastKnownFileType = sourcecode.swift; path = Assets.swift; sourceTree = "<group>"; };
		0AD20F342CD3964A009790AC /* PaperUIView.swift */ = {isa = PBXFileReference; lastKnownFileType = sourcecode.swift; path = PaperUIView.swift; sourceTree = "<group>"; };
		0AD20F362CD39AEA009790AC /* TopToolsGroup.swift */ = {isa = PBXFileReference; lastKnownFileType = sourcecode.swift; path = TopToolsGroup.swift; sourceTree = "<group>"; };
		0AD20F382CD416F0009790AC /* BottomToolsGroup.swift */ = {isa = PBXFileReference; lastKnownFileType = sourcecode.swift; path = BottomToolsGroup.swift; sourceTree = "<group>"; };
		0AD20F3A2CD41E7B009790AC /* IKDrawing */ = {isa = PBXFileReference; lastKnownFileType = wrapper; path = IKDrawing; sourceTree = "<group>"; };
		0AD20F3B2CD41E7B009790AC /* IKUI */ = {isa = PBXFileReference; lastKnownFileType = wrapper; path = IKUI; sourceTree = "<group>"; };
		0AD20F3C2CD41E7B009790AC /* IKUtils */ = {isa = PBXFileReference; lastKnownFileType = wrapper; path = IKUtils; sourceTree = "<group>"; };
/* End PBXFileReference section */

/* Begin PBXFrameworksBuildPhase section */
		0A3C66102CCE54F6008198BC /* Frameworks */ = {
			isa = PBXFrameworksBuildPhase;
			buildActionMask = 2147483647;
			files = (
				0A1A25EE2CD1879B00EABC95 /* SnapKit in Frameworks */,
				0AD20F3E2CD42A5D009790AC /* IKDrawing in Frameworks */,
				0A1A25E12CD006F800EABC95 /* IKUI in Frameworks */,
				0A3C66B92CCE67C2008198BC /* IKUtils in Frameworks */,
			);
			runOnlyForDeploymentPostprocessing = 0;
		};
/* End PBXFrameworksBuildPhase section */

/* Begin PBXGroup section */
		0A1A25EB2CD02D0700EABC95 /* PaperView */ = {
			isa = PBXGroup;
			children = (
				0A1A25E62CD02CA600EABC95 /* Paper.metal */,
				0A1A25E82CD02CA600EABC95 /* PaperView.swift */,
				0AD20F342CD3964A009790AC /* PaperUIView.swift */,
			);
			path = PaperView;
			sourceTree = "<group>";
		};
		0A3C660A2CCE54F6008198BC = {
			isa = PBXGroup;
			children = (
				0A3C66B12CCE6786008198BC /* Packages */,
				0A3C66152CCE54F6008198BC /* App */,
				0A3C66142CCE54F6008198BC /* Products */,
				0A3C66B72CCE67C2008198BC /* Frameworks */,
			);
			sourceTree = "<group>";
		};
		0A3C66142CCE54F6008198BC /* Products */ = {
			isa = PBXGroup;
			children = (
				0A3C66132CCE54F6008198BC /* App.app */,
			);
			name = Products;
			sourceTree = "<group>";
		};
		0A3C66152CCE54F6008198BC /* App */ = {
			isa = PBXGroup;
			children = (
				0A3C66452CCE56D0008198BC /* AppStart */,
				0A3C66402CCE56D0008198BC /* Modules */,
				0A3C664E2CCE56D0008198BC /* Services */,
				0A3C667D2CCE5765008198BC /* Resources */,
				0A3C66242CCE54F7008198BC /* Info.plist */,
			);
			path = App;
			sourceTree = "<group>";
		};
		0A3C66352CCE56D0008198BC /* ProjectEditor */ = {
			isa = PBXGroup;
			children = (
				0A3C66322CCE56D0008198BC /* ProjectEditorViewController.swift */,
				0A1A25E22CD01C3600EABC95 /* ProjectEditorCoordinator.swift */,
				0A1A25E42CD01C3D00EABC95 /* ProjectEditorViewModel.swift */,
				0AD20F362CD39AEA009790AC /* TopToolsGroup.swift */,
				0AD20F382CD416F0009790AC /* BottomToolsGroup.swift */,
			);
			path = ProjectEditor;
			sourceTree = "<group>";
		};
		0A3C663F2CCE56D0008198BC /* Views */ = {
			isa = PBXGroup;
			children = (
				0A1A25EB2CD02D0700EABC95 /* PaperView */,
				0A2D26BE2CD66FEC006403C9 /* LineWidthSelector.swift */,
				0A2D26C02CD68AB2006403C9 /* ColorSelectorView.swift */,
				0A2D26C22CD69781006403C9 /* ColorSliderWithInput.swift */,
				0A2D26C42CD6A2A0006403C9 /* ColorSlider.swift */,
			);
			path = Views;
			sourceTree = "<group>";
		};
		0A3C66402CCE56D0008198BC /* Modules */ = {
			isa = PBXGroup;
			children = (
				0A3C66352CCE56D0008198BC /* ProjectEditor */,
				0A3C663F2CCE56D0008198BC /* Views */,
			);
			path = Modules;
			sourceTree = "<group>";
		};
		0A3C66452CCE56D0008198BC /* AppStart */ = {
			isa = PBXGroup;
			children = (
				0A3C66412CCE56D0008198BC /* AppDelegate.swift */,
				0A3C66422CCE56D0008198BC /* ApplicationCoordinator.swift */,
				0A3C66442CCE56D0008198BC /* LaunchScreen.storyboard */,
			);
			path = AppStart;
			sourceTree = "<group>";
		};
		0A3C664E2CCE56D0008198BC /* Services */ = {
			isa = PBXGroup;
			children = (
				0A3C664D2CCE56D0008198BC /* ServiceLocator.swift */,
			);
			path = Services;
			sourceTree = "<group>";
		};
		0A3C667B2CCE5765008198BC /* Generated */ = {
			isa = PBXGroup;
			children = (
				0A3C667A2CCE5765008198BC /* Assets.swift */,
			);
			path = Generated;
			sourceTree = "<group>";
		};
		0A3C667D2CCE5765008198BC /* Resources */ = {
			isa = PBXGroup;
			children = (
				0A3C661F2CCE54F7008198BC /* Assets.xcassets */,
				0A3C667B2CCE5765008198BC /* Generated */,
			);
			path = Resources;
			sourceTree = "<group>";
		};
		0A3C66B12CCE6786008198BC /* Packages */ = {
			isa = PBXGroup;
			children = (
				0AD20F3A2CD41E7B009790AC /* IKDrawing */,
				0AD20F3B2CD41E7B009790AC /* IKUI */,
				0AD20F3C2CD41E7B009790AC /* IKUtils */,
			);
			path = Packages;
			sourceTree = "<group>";
		};
		0A3C66B72CCE67C2008198BC /* Frameworks */ = {
			isa = PBXGroup;
			children = (
			);
			name = Frameworks;
			sourceTree = "<group>";
		};
/* End PBXGroup section */

/* Begin PBXNativeTarget section */
		0A3C66122CCE54F6008198BC /* App */ = {
			isa = PBXNativeTarget;
			buildConfigurationList = 0A3C66272CCE54F7008198BC /* Build configuration list for PBXNativeTarget "App" */;
			buildPhases = (
				0A3C66AE2CCE5906008198BC /* SwiftGen */,
				0A3C660F2CCE54F6008198BC /* Sources */,
				0A3C66102CCE54F6008198BC /* Frameworks */,
				0A3C66112CCE54F6008198BC /* Resources */,
			);
			buildRules = (
			);
			dependencies = (
			);
			name = App;
			packageProductDependencies = (
				0A3C66B82CCE67C2008198BC /* IKUtils */,
				0A1A25E02CD006F800EABC95 /* IKUI */,
				0A1A25ED2CD1879B00EABC95 /* SnapKit */,
				0AD20F3D2CD42A5D009790AC /* IKDrawing */,
			);
			productName = App;
			productReference = 0A3C66132CCE54F6008198BC /* App.app */;
			productType = "com.apple.product-type.application";
		};
/* End PBXNativeTarget section */

/* Begin PBXProject section */
		0A3C660B2CCE54F6008198BC /* Project object */ = {
			isa = PBXProject;
			attributes = {
				BuildIndependentTargetsInParallel = 1;
				LastSwiftUpdateCheck = 1530;
				LastUpgradeCheck = 1530;
				TargetAttributes = {
					0A3C66122CCE54F6008198BC = {
						CreatedOnToolsVersion = 15.3;
					};
				};
			};
			buildConfigurationList = 0A3C660E2CCE54F6008198BC /* Build configuration list for PBXProject "App" */;
			compatibilityVersion = "Xcode 14.0";
			developmentRegion = ru;
			hasScannedForEncodings = 0;
			knownRegions = (
				Base,
				ru,
			);
			mainGroup = 0A3C660A2CCE54F6008198BC;
			packageReferences = (
				0A1A25EC2CD1879B00EABC95 /* XCRemoteSwiftPackageReference "SnapKit" */,
			);
			productRefGroup = 0A3C66142CCE54F6008198BC /* Products */;
			projectDirPath = "";
			projectRoot = "";
			targets = (
				0A3C66122CCE54F6008198BC /* App */,
			);
		};
/* End PBXProject section */

/* Begin PBXResourcesBuildPhase section */
		0A3C66112CCE54F6008198BC /* Resources */ = {
			isa = PBXResourcesBuildPhase;
			buildActionMask = 2147483647;
			files = (
				0A3C66202CCE54F7008198BC /* Assets.xcassets in Resources */,
				0A3C66992CCE5829008198BC /* LaunchScreen.storyboard in Resources */,
			);
			runOnlyForDeploymentPostprocessing = 0;
		};
/* End PBXResourcesBuildPhase section */

/* Begin PBXShellScriptBuildPhase section */
		0A3C66AE2CCE5906008198BC /* SwiftGen */ = {
			isa = PBXShellScriptBuildPhase;
			buildActionMask = 12;
			files = (
			);
			inputFileListPaths = (
			);
			inputPaths = (
				"$(SRCROOT)/App/Resources/Assets.xcassets",
			);
			name = SwiftGen;
			outputFileListPaths = (
			);
			outputPaths = (
				"$(SRCROOT)/App/Resources/Generated/Assets.swift",
			);
			runOnlyForDeploymentPostprocessing = 0;
			shellPath = /bin/sh;
			shellScript = "\"$SRCROOT/SwiftGen/bin/swiftgen\" \n";
		};
/* End PBXShellScriptBuildPhase section */

/* Begin PBXSourcesBuildPhase section */
		0A3C660F2CCE54F6008198BC /* Sources */ = {
			isa = PBXSourcesBuildPhase;
			buildActionMask = 2147483647;
			files = (
				0A3C669B2CCE582E008198BC /* AppDelegate.swift in Sources */,
				0A2D26C32CD69781006403C9 /* ColorSliderWithInput.swift in Sources */,
				0A1A25E92CD02CA600EABC95 /* PaperView.swift in Sources */,
				0A1A25EA2CD02CA600EABC95 /* Paper.metal in Sources */,
				0AD20F352CD3964A009790AC /* PaperUIView.swift in Sources */,
				0A3C669C2CCE5834008198BC /* ServiceLocator.swift in Sources */,
				0A3C66982CCE5812008198BC /* ProjectEditorViewController.swift in Sources */,
				0A3C66962CCE5765008198BC /* Assets.swift in Sources */,
				0AD20F392CD416F0009790AC /* BottomToolsGroup.swift in Sources */,
				0A3C669A2CCE582C008198BC /* ApplicationCoordinator.swift in Sources */,
				0A1A25E32CD01C3600EABC95 /* ProjectEditorCoordinator.swift in Sources */,
				0A2D26BF2CD66FEC006403C9 /* LineWidthSelector.swift in Sources */,
				0AD20F372CD39AEA009790AC /* TopToolsGroup.swift in Sources */,
				0A1A25E52CD01C3D00EABC95 /* ProjectEditorViewModel.swift in Sources */,
				0A2D26C52CD6A2A0006403C9 /* ColorSlider.swift in Sources */,
				0A2D26C12CD68AB2006403C9 /* ColorSelectorView.swift in Sources */,
			);
			runOnlyForDeploymentPostprocessing = 0;
		};
/* End PBXSourcesBuildPhase section */

/* Begin PBXVariantGroup section */
		0A3C66442CCE56D0008198BC /* LaunchScreen.storyboard */ = {
			isa = PBXVariantGroup;
			children = (
				0A3C66432CCE56D0008198BC /* Base */,
				0A1A25DE2CCFFFFD00EABC95 /* ru */,
			);
			name = LaunchScreen.storyboard;
			sourceTree = "<group>";
		};
/* End PBXVariantGroup section */

/* Begin XCBuildConfiguration section */
		0A3C66252CCE54F7008198BC /* Debug */ = {
			isa = XCBuildConfiguration;
			buildSettings = {
				ALWAYS_SEARCH_USER_PATHS = NO;
				ASSETCATALOG_COMPILER_GENERATE_SWIFT_ASSET_SYMBOL_EXTENSIONS = YES;
				CLANG_ANALYZER_LOCALIZABILITY_NONLOCALIZED = YES;
				CLANG_ANALYZER_NONNULL = YES;
				CLANG_ANALYZER_NUMBER_OBJECT_CONVERSION = YES_AGGRESSIVE;
				CLANG_CXX_LANGUAGE_STANDARD = "gnu++20";
				CLANG_ENABLE_MODULES = YES;
				CLANG_ENABLE_OBJC_ARC = YES;
				CLANG_ENABLE_OBJC_WEAK = YES;
				CLANG_WARN_BLOCK_CAPTURE_AUTORELEASING = YES;
				CLANG_WARN_BOOL_CONVERSION = YES;
				CLANG_WARN_COMMA = YES;
				CLANG_WARN_CONSTANT_CONVERSION = YES;
				CLANG_WARN_DEPRECATED_OBJC_IMPLEMENTATIONS = YES;
				CLANG_WARN_DIRECT_OBJC_ISA_USAGE = YES_ERROR;
				CLANG_WARN_DOCUMENTATION_COMMENTS = YES;
				CLANG_WARN_EMPTY_BODY = YES;
				CLANG_WARN_ENUM_CONVERSION = YES;
				CLANG_WARN_INFINITE_RECURSION = YES;
				CLANG_WARN_INT_CONVERSION = YES;
				CLANG_WARN_NON_LITERAL_NULL_CONVERSION = YES;
				CLANG_WARN_OBJC_IMPLICIT_RETAIN_SELF = YES;
				CLANG_WARN_OBJC_LITERAL_CONVERSION = YES;
				CLANG_WARN_OBJC_ROOT_CLASS = YES_ERROR;
				CLANG_WARN_QUOTED_INCLUDE_IN_FRAMEWORK_HEADER = YES;
				CLANG_WARN_RANGE_LOOP_ANALYSIS = YES;
				CLANG_WARN_STRICT_PROTOTYPES = YES;
				CLANG_WARN_SUSPICIOUS_MOVE = YES;
				CLANG_WARN_UNGUARDED_AVAILABILITY = YES_AGGRESSIVE;
				CLANG_WARN_UNREACHABLE_CODE = YES;
				CLANG_WARN__DUPLICATE_METHOD_MATCH = YES;
				COPY_PHASE_STRIP = NO;
				DEBUG_INFORMATION_FORMAT = dwarf;
				ENABLE_STRICT_OBJC_MSGSEND = YES;
				ENABLE_TESTABILITY = YES;
				ENABLE_USER_SCRIPT_SANDBOXING = YES;
				GCC_C_LANGUAGE_STANDARD = gnu17;
				GCC_DYNAMIC_NO_PIC = NO;
				GCC_NO_COMMON_BLOCKS = YES;
				GCC_OPTIMIZATION_LEVEL = 0;
				GCC_PREPROCESSOR_DEFINITIONS = (
					"DEBUG=1",
					"$(inherited)",
				);
				GCC_WARN_64_TO_32_BIT_CONVERSION = YES;
				GCC_WARN_ABOUT_RETURN_TYPE = YES_ERROR;
				GCC_WARN_UNDECLARED_SELECTOR = YES;
				GCC_WARN_UNINITIALIZED_AUTOS = YES_AGGRESSIVE;
				GCC_WARN_UNUSED_FUNCTION = YES;
				GCC_WARN_UNUSED_VARIABLE = YES;
				IPHONEOS_DEPLOYMENT_TARGET = 17.4;
				LOCALIZATION_PREFERS_STRING_CATALOGS = YES;
				MTL_ENABLE_DEBUG_INFO = INCLUDE_SOURCE;
				MTL_FAST_MATH = YES;
				ONLY_ACTIVE_ARCH = YES;
				SDKROOT = iphoneos;
				SWIFT_ACTIVE_COMPILATION_CONDITIONS = "DEBUG $(inherited)";
				SWIFT_OPTIMIZATION_LEVEL = "-Onone";
			};
			name = Debug;
		};
		0A3C66262CCE54F7008198BC /* Release */ = {
			isa = XCBuildConfiguration;
			buildSettings = {
				ALWAYS_SEARCH_USER_PATHS = NO;
				ASSETCATALOG_COMPILER_GENERATE_SWIFT_ASSET_SYMBOL_EXTENSIONS = YES;
				CLANG_ANALYZER_LOCALIZABILITY_NONLOCALIZED = YES;
				CLANG_ANALYZER_NONNULL = YES;
				CLANG_ANALYZER_NUMBER_OBJECT_CONVERSION = YES_AGGRESSIVE;
				CLANG_CXX_LANGUAGE_STANDARD = "gnu++20";
				CLANG_ENABLE_MODULES = YES;
				CLANG_ENABLE_OBJC_ARC = YES;
				CLANG_ENABLE_OBJC_WEAK = YES;
				CLANG_WARN_BLOCK_CAPTURE_AUTORELEASING = YES;
				CLANG_WARN_BOOL_CONVERSION = YES;
				CLANG_WARN_COMMA = YES;
				CLANG_WARN_CONSTANT_CONVERSION = YES;
				CLANG_WARN_DEPRECATED_OBJC_IMPLEMENTATIONS = YES;
				CLANG_WARN_DIRECT_OBJC_ISA_USAGE = YES_ERROR;
				CLANG_WARN_DOCUMENTATION_COMMENTS = YES;
				CLANG_WARN_EMPTY_BODY = YES;
				CLANG_WARN_ENUM_CONVERSION = YES;
				CLANG_WARN_INFINITE_RECURSION = YES;
				CLANG_WARN_INT_CONVERSION = YES;
				CLANG_WARN_NON_LITERAL_NULL_CONVERSION = YES;
				CLANG_WARN_OBJC_IMPLICIT_RETAIN_SELF = YES;
				CLANG_WARN_OBJC_LITERAL_CONVERSION = YES;
				CLANG_WARN_OBJC_ROOT_CLASS = YES_ERROR;
				CLANG_WARN_QUOTED_INCLUDE_IN_FRAMEWORK_HEADER = YES;
				CLANG_WARN_RANGE_LOOP_ANALYSIS = YES;
				CLANG_WARN_STRICT_PROTOTYPES = YES;
				CLANG_WARN_SUSPICIOUS_MOVE = YES;
				CLANG_WARN_UNGUARDED_AVAILABILITY = YES_AGGRESSIVE;
				CLANG_WARN_UNREACHABLE_CODE = YES;
				CLANG_WARN__DUPLICATE_METHOD_MATCH = YES;
				COPY_PHASE_STRIP = NO;
				DEBUG_INFORMATION_FORMAT = "dwarf-with-dsym";
				ENABLE_NS_ASSERTIONS = NO;
				ENABLE_STRICT_OBJC_MSGSEND = YES;
				ENABLE_USER_SCRIPT_SANDBOXING = YES;
				GCC_C_LANGUAGE_STANDARD = gnu17;
				GCC_NO_COMMON_BLOCKS = YES;
				GCC_WARN_64_TO_32_BIT_CONVERSION = YES;
				GCC_WARN_ABOUT_RETURN_TYPE = YES_ERROR;
				GCC_WARN_UNDECLARED_SELECTOR = YES;
				GCC_WARN_UNINITIALIZED_AUTOS = YES_AGGRESSIVE;
				GCC_WARN_UNUSED_FUNCTION = YES;
				GCC_WARN_UNUSED_VARIABLE = YES;
				IPHONEOS_DEPLOYMENT_TARGET = 17.4;
				LOCALIZATION_PREFERS_STRING_CATALOGS = YES;
				MTL_ENABLE_DEBUG_INFO = NO;
				MTL_FAST_MATH = YES;
				SDKROOT = iphoneos;
				SWIFT_COMPILATION_MODE = wholemodule;
				VALIDATE_PRODUCT = YES;
			};
			name = Release;
		};
		0A3C66282CCE54F7008198BC /* Debug */ = {
			isa = XCBuildConfiguration;
			buildSettings = {
				ASSETCATALOG_COMPILER_APPICON_NAME = AppIcon;
				ASSETCATALOG_COMPILER_GLOBAL_ACCENT_COLOR_NAME = AccentColor;
				CODE_SIGN_STYLE = Automatic;
				CURRENT_PROJECT_VERSION = 1;
				DEVELOPMENT_TEAM = 5J5GAMUHDW;
				ENABLE_USER_SCRIPT_SANDBOXING = NO;
				GENERATE_INFOPLIST_FILE = YES;
				INFOPLIST_FILE = App/Info.plist;
				INFOPLIST_KEY_CFBundleDisplayName = Animator;
				INFOPLIST_KEY_LSApplicationCategoryType = "public.app-category.entertainment";
				INFOPLIST_KEY_UIApplicationSupportsIndirectInputEvents = YES;
				INFOPLIST_KEY_UILaunchStoryboardName = LaunchScreen;
				INFOPLIST_KEY_UIStatusBarHidden = YES;
				INFOPLIST_KEY_UISupportedInterfaceOrientations = UIInterfaceOrientationPortrait;
				INFOPLIST_KEY_UISupportedInterfaceOrientations_iPad = "UIInterfaceOrientationLandscapeLeft UIInterfaceOrientationLandscapeRight UIInterfaceOrientationPortrait UIInterfaceOrientationPortraitUpsideDown";
				IPHONEOS_DEPLOYMENT_TARGET = 17.0;
				LD_RUNPATH_SEARCH_PATHS = (
					"$(inherited)",
					"@executable_path/Frameworks",
				);
				MARKETING_VERSION = 1.0;
				PRODUCT_BUNDLE_IDENTIFIER = com.klyuzhevigor.animator;
				PRODUCT_NAME = "$(TARGET_NAME)";
				SUPPORTED_PLATFORMS = "iphoneos iphonesimulator";
				SUPPORTS_MACCATALYST = NO;
				SUPPORTS_MAC_DESIGNED_FOR_IPHONE_IPAD = NO;
				SUPPORTS_XR_DESIGNED_FOR_IPHONE_IPAD = NO;
				SWIFT_EMIT_LOC_STRINGS = YES;
				SWIFT_VERSION = 5.0;
				TARGETED_DEVICE_FAMILY = 1;
			};
			name = Debug;
		};
		0A3C66292CCE54F7008198BC /* Release */ = {
			isa = XCBuildConfiguration;
			buildSettings = {
				ASSETCATALOG_COMPILER_APPICON_NAME = AppIcon;
				ASSETCATALOG_COMPILER_GLOBAL_ACCENT_COLOR_NAME = AccentColor;
				CODE_SIGN_STYLE = Automatic;
				CURRENT_PROJECT_VERSION = 1;
				DEVELOPMENT_TEAM = 5J5GAMUHDW;
				ENABLE_USER_SCRIPT_SANDBOXING = NO;
				GENERATE_INFOPLIST_FILE = YES;
				INFOPLIST_FILE = App/Info.plist;
				INFOPLIST_KEY_CFBundleDisplayName = Animator;
				INFOPLIST_KEY_LSApplicationCategoryType = "public.app-category.entertainment";
				INFOPLIST_KEY_UIApplicationSupportsIndirectInputEvents = YES;
				INFOPLIST_KEY_UILaunchStoryboardName = LaunchScreen;
				INFOPLIST_KEY_UIStatusBarHidden = YES;
				INFOPLIST_KEY_UISupportedInterfaceOrientations = UIInterfaceOrientationPortrait;
				INFOPLIST_KEY_UISupportedInterfaceOrientations_iPad = "UIInterfaceOrientationLandscapeLeft UIInterfaceOrientationLandscapeRight UIInterfaceOrientationPortrait UIInterfaceOrientationPortraitUpsideDown";
				IPHONEOS_DEPLOYMENT_TARGET = 17.0;
				LD_RUNPATH_SEARCH_PATHS = (
					"$(inherited)",
					"@executable_path/Frameworks",
				);
				MARKETING_VERSION = 1.0;
				PRODUCT_BUNDLE_IDENTIFIER = com.klyuzhevigor.animator;
				PRODUCT_NAME = "$(TARGET_NAME)";
				SUPPORTED_PLATFORMS = "iphoneos iphonesimulator";
				SUPPORTS_MACCATALYST = NO;
				SUPPORTS_MAC_DESIGNED_FOR_IPHONE_IPAD = NO;
				SUPPORTS_XR_DESIGNED_FOR_IPHONE_IPAD = NO;
				SWIFT_EMIT_LOC_STRINGS = YES;
				SWIFT_VERSION = 5.0;
				TARGETED_DEVICE_FAMILY = 1;
			};
			name = Release;
		};
/* End XCBuildConfiguration section */

/* Begin XCConfigurationList section */
		0A3C660E2CCE54F6008198BC /* Build configuration list for PBXProject "App" */ = {
			isa = XCConfigurationList;
			buildConfigurations = (
				0A3C66252CCE54F7008198BC /* Debug */,
				0A3C66262CCE54F7008198BC /* Release */,
			);
			defaultConfigurationIsVisible = 0;
			defaultConfigurationName = Release;
		};
		0A3C66272CCE54F7008198BC /* Build configuration list for PBXNativeTarget "App" */ = {
			isa = XCConfigurationList;
			buildConfigurations = (
				0A3C66282CCE54F7008198BC /* Debug */,
				0A3C66292CCE54F7008198BC /* Release */,
			);
			defaultConfigurationIsVisible = 0;
			defaultConfigurationName = Release;
		};
/* End XCConfigurationList section */

/* Begin XCRemoteSwiftPackageReference section */
		0A1A25EC2CD1879B00EABC95 /* XCRemoteSwiftPackageReference "SnapKit" */ = {
			isa = XCRemoteSwiftPackageReference;
			repositoryURL = "https://github.com/SnapKit/SnapKit";
			requirement = {
				kind = upToNextMajorVersion;
				minimumVersion = 5.7.1;
			};
		};
/* End XCRemoteSwiftPackageReference section */

/* Begin XCSwiftPackageProductDependency section */
		0A1A25E02CD006F800EABC95 /* IKUI */ = {
			isa = XCSwiftPackageProductDependency;
			productName = IKUI;
		};
		0A1A25ED2CD1879B00EABC95 /* SnapKit */ = {
			isa = XCSwiftPackageProductDependency;
			package = 0A1A25EC2CD1879B00EABC95 /* XCRemoteSwiftPackageReference "SnapKit" */;
			productName = SnapKit;
		};
		0A3C66B82CCE67C2008198BC /* IKUtils */ = {
			isa = XCSwiftPackageProductDependency;
			productName = IKUtils;
		};
		0AD20F3D2CD42A5D009790AC /* IKDrawing */ = {
			isa = XCSwiftPackageProductDependency;
			productName = IKDrawing;
		};
/* End XCSwiftPackageProductDependency section */
	};
	rootObject = 0A3C660B2CCE54F6008198BC /* Project object */;
}
